schema: '2.0'
stages:
  preprocess:
    cmd: python src/preprocess_data.py
    deps:
    - path: data/raw/ben-yehuda.txt
      md5: 6a49c1c75bdf1f888de4b09d15af0fac
      size: 119515543
    - path: data/raw/he_wiktionary-male_haser.csv
      md5: 8d50c086c9429ac20bee0341e8008df4
      size: 935855
    - path: data/raw/he_wp-nikud.txt
      md5: 8d34af7b5fc12793ac6f6b86c22603e0
      size: 10539837
    - path: data/raw/wikisource-haser_male.csv
      md5: 3f3241cbc095abca6b3f6708428d0548
      size: 1503700
    - path: src/preprocess_data.py
      md5: 14784ef3904d7696809ecf74280607c4
      size: 5670
    outs:
    - path: data/processed/ktiv_male.csv
      md5: 2e974ab9f7bba306921ddfbecae7277e
      size: 2594639
    - path: data/processed/nikud.csv
      md5: 83538149a2d7b09351de249d9c07bf97
      size: 73741972
  train-ktiv-male:
    cmd: python src/train_ktiv_male.py
    deps:
    - path: data/processed/ktiv_male.csv
      md5: 2e974ab9f7bba306921ddfbecae7277e
      size: 2594639
    - path: src/train_ktiv_male.py
      md5: 0d46eb12491b1417f23db9ab16dade3a
      size: 2935
    outs:
    - path: models/ktiv_male
      md5: 77a7fe3e58a9c55c16476185af331472.dir
      size: 528576758
      nfiles: 3
  add-ktiv-male:
    cmd: python src/add_ktiv_male.py
    deps:
    - path: data/processed/nikud.csv
      md5: 83538149a2d7b09351de249d9c07bf97
      size: 73741972
    - path: models/ktiv_male
      md5: 77a7fe3e58a9c55c16476185af331472.dir
      size: 528576758
      nfiles: 3
    - path: src/add_ktiv_male.py
      md5: 07cb653d288a6b220b538d6c48e06411
      size: 1748
    outs:
    - path: data/processed/nikud_with_ktiv_male.csv
      md5: 54df6e01eb9cf09ba42f62779abc9c55
      size: 117166103
  train-unikud:
    cmd: python src/train_unikud.py
    deps:
    - path: data/processed/nikud_with_ktiv_male.csv
      md5: 54df6e01eb9cf09ba42f62779abc9c55
      size: 117166103
    - path: src/train_unikud.py
      md5: 04f603b7cf9382536d624c2ac323ca8e
      size: 3015
    outs:
    - path: models/unikud
      md5: 1505f6f4c2e87ea76dade822c1004912.dir
      size: 528614160
      nfiles: 3
